
Microsoft Visual Studio Solution File, Format Version 12.00
# Visual Studio Version 16
VisualStudioVersion = 16.0.31205.134
MinimumVisualStudioVersion = 10.0.40219.1
Project("{FAE04EC0-301F-11D3-BF4B-00C04F79EFBC}") = "Dio.Series", "Dio.Series\Dio.Series.csproj", "{93E03189-BC52-469C-8D7C-86120B35E52D}"
EndProject
Global
	GlobalSection(SolutionConfigurationPlatforms) = preSolution
		Debug|Any CPU = Debug|Any CPU
		Release|Any CPU = Release|Any CPU
	EndGlobalSection
	GlobalSection(ProjectConfigurationPlatforms) = postSolution
		{93E03189-BC52-469C-8D7C-86120B35E52D}.Debug|Any CPU.ActiveCfg = Debug|Any CPU
		{93E03189-BC52-469C-8D7C-86120B35E52D}.Debug|Any CPU.Build.0 = Debug|Any CPU
		{93E03189-BC52-469C-8D7C-86120B35E52D}.Release|Any CPU.ActiveCfg = Release|Any CPU
		{93E03189-BC52-469C-8D7C-86120B35E52D}.Release|Any CPU.Build.0 = Release|Any CPU
	EndGlobalSection
	GlobalSection(SolutionProperties) = preSolution
		HideSolutionNode = FALSE
	EndGlobalSection
	GlobalSection(ExtensibilityGlobals) = postSolution
		SolutionGuid = {68A1840B-6794-4970-9E25-D0A45C440116}
	EndGlobalSection
EndGlobal
